// !$*UTF8*$!
{
	archiveVersion = 1;
	classes = {
	};
	objectVersion = 56;
	objects = {

/* Begin PBXBuildFile section */
		4A8E19882AC283AC006332A5 /* CardModel.swift in Sources */ = {isa = PBXBuildFile; fileRef = 4A8E19872AC283AB006332A5 /* CardModel.swift */; };
		4AF2D48E2AC12B6B00FFA0A0 /* MyApplicationApp.swift in Sources */ = {isa = PBXBuildFile; fileRef = 4AF2D48D2AC12B6B00FFA0A0 /* MyApplicationApp.swift */; };
		4AF2D4902AC12B6B00FFA0A0 /* CardListView.swift in Sources */ = {isa = PBXBuildFile; fileRef = 4AF2D48F2AC12B6B00FFA0A0 /* CardListView.swift */; };
		4AF2D4922AC12B6E00FFA0A0 /* Assets.xcassets in Resources */ = {isa = PBXBuildFile; fileRef = 4AF2D4912AC12B6E00FFA0A0 /* Assets.xcassets */; };
		4AF2D4952AC12B6E00FFA0A0 /* Preview Assets.xcassets in Resources */ = {isa = PBXBuildFile; fileRef = 4AF2D4942AC12B6E00FFA0A0 /* Preview Assets.xcassets */; };
		4AF2D49F2AC12B6E00FFA0A0 /* MyApplicationTests.swift in Sources */ = {isa = PBXBuildFile; fileRef = 4AF2D49E2AC12B6E00FFA0A0 /* MyApplicationTests.swift */; };
		4AF2D4A92AC12B6E00FFA0A0 /* MyApplicationUITests.swift in Sources */ = {isa = PBXBuildFile; fileRef = 4AF2D4A82AC12B6E00FFA0A0 /* MyApplicationUITests.swift */; };
		4AF2D4AB2AC12B6E00FFA0A0 /* MyApplicationUITestsLaunchTests.swift in Sources */ = {isa = PBXBuildFile; fileRef = 4AF2D4AA2AC12B6E00FFA0A0 /* MyApplicationUITestsLaunchTests.swift */; };
/* End PBXBuildFile section */

/* Begin PBXContainerItemProxy section */
		4AF2D49B2AC12B6E00FFA0A0 /* PBXContainerItemProxy */ = {
			isa = PBXContainerItemProxy;
			containerPortal = 4AF2D4822AC12B6B00FFA0A0 /* Project object */;
			proxyType = 1;
			remoteGlobalIDString = 4AF2D4892AC12B6B00FFA0A0;
			remoteInfo = MyApplication;
		};
		4AF2D4A52AC12B6E00FFA0A0 /* PBXContainerItemProxy */ = {
			isa = PBXContainerItemProxy;
			containerPortal = 4AF2D4822AC12B6B00FFA0A0 /* Project object */;
			proxyType = 1;
			remoteGlobalIDString = 4AF2D4892AC12B6B00FFA0A0;
			remoteInfo = MyApplication;
		};
/* End PBXContainerItemProxy section */

/* Begin PBXFileReference section */
		4A8E19872AC283AB006332A5 /* CardModel.swift */ = {isa = PBXFileReference; lastKnownFileType = sourcecode.swift; path = CardModel.swift; sourceTree = "<group>"; };
		4AF2D48A2AC12B6B00FFA0A0 /* MyApplication.app */ = {isa = PBXFileReference; explicitFileType = wrapper.application; includeInIndex = 0; path = MyApplication.app; sourceTree = BUILT_PRODUCTS_DIR; };
		4AF2D48D2AC12B6B00FFA0A0 /* MyApplicationApp.swift */ = {isa = PBXFileReference; lastKnownFileType = sourcecode.swift; path = MyApplicationApp.swift; sourceTree = "<group>"; tabWidth = 4; };
		4AF2D48F2AC12B6B00FFA0A0 /* CardListView.swift */ = {isa = PBXFileReference; lastKnownFileType = sourcecode.swift; path = CardListView.swift; sourceTree = "<group>"; };
		4AF2D4912AC12B6E00FFA0A0 /* Assets.xcassets */ = {isa = PBXFileReference; lastKnownFileType = folder.assetcatalog; path = Assets.xcassets; sourceTree = "<group>"; };
		4AF2D4942AC12B6E00FFA0A0 /* Preview Assets.xcassets */ = {isa = PBXFileReference; lastKnownFileType = folder.assetcatalog; path = "Preview Assets.xcassets"; sourceTree = "<group>"; };
		4AF2D49A2AC12B6E00FFA0A0 /* MyApplicationTests.xctest */ = {isa = PBXFileReference; explicitFileType = wrapper.cfbundle; includeInIndex = 0; path = MyApplicationTests.xctest; sourceTree = BUILT_PRODUCTS_DIR; };
		4AF2D49E2AC12B6E00FFA0A0 /* MyApplicationTests.swift */ = {isa = PBXFileReference; lastKnownFileType = sourcecode.swift; path = MyApplicationTests.swift; sourceTree = "<group>"; };
		4AF2D4A42AC12B6E00FFA0A0 /* MyApplicationUITests.xctest */ = {isa = PBXFileReference; explicitFileType = wrapper.cfbundle; includeInIndex = 0; path = MyApplicationUITests.xctest; sourceTree = BUILT_PRODUCTS_DIR; };
		4AF2D4A82AC12B6E00FFA0A0 /* MyApplicationUITests.swift */ = {isa = PBXFileReference; lastKnownFileType = sourcecode.swift; path = MyApplicationUITests.swift; sourceTree = "<group>"; };
		4AF2D4AA2AC12B6E00FFA0A0 /* MyApplicationUITestsLaunchTests.swift */ = {isa = PBXFileReference; lastKnownFileType = sourcecode.swift; path = MyApplicationUITestsLaunchTests.swift; sourceTree = "<group>"; };
/* End PBXFileReference section */

/* Begin PBXFrameworksBuildPhase section */
		4AF2D4872AC12B6B00FFA0A0 /* Frameworks */ = {
			isa = PBXFrameworksBuildPhase;
			buildActionMask = 2147483647;
			files = (
			);
			runOnlyForDeploymentPostprocessing = 0;
		};
		4AF2D4972AC12B6E00FFA0A0 /* Frameworks */ = {
			isa = PBXFrameworksBuildPhase;
			buildActionMask = 2147483647;
			files = (
			);
			runOnlyForDeploymentPostprocessing = 0;
		};
		4AF2D4A12AC12B6E00FFA0A0 /* Frameworks */ = {
			isa = PBXFrameworksBuildPhase;
			buildActionMask = 2147483647;
			files = (
			);
			runOnlyForDeploymentPostprocessing = 0;
		};
/* End PBXFrameworksBuildPhase section */

/* Begin PBXGroup section */
		4AF2D4812AC12B6B00FFA0A0 = {
			isa = PBXGroup;
			children = (
				4AF2D48C2AC12B6B00FFA0A0 /* MyApplication */,
				4AF2D49D2AC12B6E00FFA0A0 /* MyApplicationTests */,
				4AF2D4A72AC12B6E00FFA0A0 /* MyApplicationUITests */,
				4AF2D48B2AC12B6B00FFA0A0 /* Products */,
			);
			sourceTree = "<group>";
		};
		4AF2D48B2AC12B6B00FFA0A0 /* Products */ = {
			isa = PBXGroup;
			children = (
				4AF2D48A2AC12B6B00FFA0A0 /* MyApplication.app */,
				4AF2D49A2AC12B6E00FFA0A0 /* MyApplicationTests.xctest */,
				4AF2D4A42AC12B6E00FFA0A0 /* MyApplicationUITests.xctest */,
			);
			name = Products;
			sourceTree = "<group>";
		};
		4AF2D48C2AC12B6B00FFA0A0 /* MyApplication */ = {
			isa = PBXGroup;
			children = (
				4A8E19872AC283AB006332A5 /* CardModel.swift */,
				4AF2D48D2AC12B6B00FFA0A0 /* MyApplicationApp.swift */,
				4AF2D48F2AC12B6B00FFA0A0 /* CardListView.swift */,
				4AF2D4912AC12B6E00FFA0A0 /* Assets.xcassets */,
				4AF2D4932AC12B6E00FFA0A0 /* Preview Content */,
			);
			path = MyApplication;
			sourceTree = "<group>";
		};
		4AF2D4932AC12B6E00FFA0A0 /* Preview Content */ = {
			isa = PBXGroup;
			children = (
				4AF2D4942AC12B6E00FFA0A0 /* Preview Assets.xcassets */,
			);
			path = "Preview Content";
			sourceTree = "<group>";
		};
		4AF2D49D2AC12B6E00FFA0A0 /* MyApplicationTests */ = {
			isa = PBXGroup;
			children = (
				4AF2D49E2AC12B6E00FFA0A0 /* MyApplicationTests.swift */,
			);
			path = MyApplicationTests;
			sourceTree = "<group>";
		};
		4AF2D4A72AC12B6E00FFA0A0 /* MyApplicationUITests */ = {
			isa = PBXGroup;
			children = (
				4AF2D4A82AC12B6E00FFA0A0 /* MyApplicationUITests.swift */,
				4AF2D4AA2AC12B6E00FFA0A0 /* MyApplicationUITestsLaunchTests.swift */,
			);
			path = MyApplicationUITests;
			sourceTree = "<group>";
		};
/* End PBXGroup section */

/* Begin PBXNativeTarget section */
		4AF2D4892AC12B6B00FFA0A0 /* MyApplication */ = {
			isa = PBXNativeTarget;
			buildConfigurationList = 4AF2D4AE2AC12B6E00FFA0A0 /* Build configuration list for PBXNativeTarget "MyApplication" */;
			buildPhases = (
				4AF2D4862AC12B6B00FFA0A0 /* Sources */,
				4AF2D4872AC12B6B00FFA0A0 /* Frameworks */,
				4AF2D4882AC12B6B00FFA0A0 /* Resources */,
			);
			buildRules = (
			);
			dependencies = (
			);
			name = MyApplication;
			productName = MyApplication;
			productReference = 4AF2D48A2AC12B6B00FFA0A0 /* MyApplication.app */;
			productType = "com.apple.product-type.application";
		};
		4AF2D4992AC12B6E00FFA0A0 /* MyApplicationTests */ = {
			isa = PBXNativeTarget;
			buildConfigurationList = 4AF2D4B12AC12B6E00FFA0A0 /* Build configuration list for PBXNativeTarget "MyApplicationTests" */;
			buildPhases = (
				4AF2D4962AC12B6E00FFA0A0 /* Sources */,
				4AF2D4972AC12B6E00FFA0A0 /* Frameworks */,
				4AF2D4982AC12B6E00FFA0A0 /* Resources */,
			);
			buildRules = (
			);
			dependencies = (
				4AF2D49C2AC12B6E00FFA0A0 /* PBXTargetDependency */,
			);
			name = MyApplicationTests;
			productName = MyApplicationTests;
			productReference = 4AF2D49A2AC12B6E00FFA0A0 /* MyApplicationTests.xctest */;
			productType = "com.apple.product-type.bundle.unit-test";
		};
		4AF2D4A32AC12B6E00FFA0A0 /* MyApplicationUITests */ = {
			isa = PBXNativeTarget;
			buildConfigurationList = 4AF2D4B42AC12B6E00FFA0A0 /* Build configuration list for PBXNativeTarget "MyApplicationUITests" */;
			buildPhases = (
				4AF2D4A02AC12B6E00FFA0A0 /* Sources */,
				4AF2D4A12AC12B6E00FFA0A0 /* Frameworks */,
				4AF2D4A22AC12B6E00FFA0A0 /* Resources */,
			);
			buildRules = (
			);
			dependencies = (
				4AF2D4A62AC12B6E00FFA0A0 /* PBXTargetDependency */,
			);
			name = MyApplicationUITests;
			productName = MyApplicationUITests;
			productReference = 4AF2D4A42AC12B6E00FFA0A0 /* MyApplicationUITests.xctest */;
			productType = "com.apple.product-type.bundle.ui-testing";
		};
/* End PBXNativeTarget section */

/* Begin PBXProject section */
		4AF2D4822AC12B6B00FFA0A0 /* Project object */ = {
			isa = PBXProject;
			attributes = {
				BuildIndependentTargetsInParallel = 1;
				LastSwiftUpdateCheck = 1500;
				LastUpgradeCheck = 1500;
				TargetAttributes = {
					4AF2D4892AC12B6B00FFA0A0 = {
						CreatedOnToolsVersion = 15.0;
					};
					4AF2D4992AC12B6E00FFA0A0 = {
						CreatedOnToolsVersion = 15.0;
						TestTargetID = 4AF2D4892AC12B6B00FFA0A0;
					};
					4AF2D4A32AC12B6E00FFA0A0 = {
						CreatedOnToolsVersion = 15.0;
						TestTargetID = 4AF2D4892AC12B6B00FFA0A0;
					};
				};
			};
			buildConfigurationList = 4AF2D4852AC12B6B00FFA0A0 /* Build configuration list for PBXProject "MyApplication" */;
			compatibilityVersion = "Xcode 14.0";
			developmentRegion = en;
			hasScannedForEncodings = 0;
			knownRegions = (
				en,
				Base,
			);
			mainGroup = 4AF2D4812AC12B6B00FFA0A0;
			productRefGroup = 4AF2D48B2AC12B6B00FFA0A0 /* Products */;
			projectDirPath = "";
			projectRoot = "";
			targets = (
				4AF2D4892AC12B6B00FFA0A0 /* MyApplication */,
				4AF2D4992AC12B6E00FFA0A0 /* MyApplicationTests */,
				4AF2D4A32AC12B6E00FFA0A0 /* MyApplicationUITests */,
			);
		};
/* End PBXProject section */

/* Begin PBXResourcesBuildPhase section */
		4AF2D4882AC12B6B00FFA0A0 /* Resources */ = {
			isa = PBXResourcesBuildPhase;
			buildActionMask = 2147483647;
			files = (
				4AF2D4952AC12B6E00FFA0A0 /* Preview Assets.xcassets in Resources */,
				4AF2D4922AC12B6E00FFA0A0 /* Assets.xcassets in Resources */,
			);
			runOnlyForDeploymentPostprocessing = 0;
		};
		4AF2D4982AC12B6E00FFA0A0 /* Resources */ = {
			isa = PBXResourcesBuildPhase;
			buildActionMask = 2147483647;
			files = (
			);
			runOnlyForDeploymentPostprocessing = 0;
		};
		4AF2D4A22AC12B6E00FFA0A0 /* Resources */ = {
			isa = PBXResourcesBuildPhase;
			buildActionMask = 2147483647;
			files = (
			);
			runOnlyForDeploymentPostprocessing = 0;
		};
/* End PBXResourcesBuildPhase section */

/* Begin PBXSourcesBuildPhase section */
		4AF2D4862AC12B6B00FFA0A0 /* Sources */ = {
			isa = PBXSourcesBuildPhase;
			buildActionMask = 2147483647;
			files = (
				4AF2D4902AC12B6B00FFA0A0 /* CardListView.swift in Sources */,
				4AF2D48E2AC12B6B00FFA0A0 /* MyApplicationApp.swift in Sources */,
				4A8E19882AC283AC006332A5 /* CardModel.swift in Sources */,
			);
			runOnlyForDeploymentPostprocessing = 0;
		};
		4AF2D4962AC12B6E00FFA0A0 /* Sources */ = {
			isa = PBXSourcesBuildPhase;
			buildActionMask = 2147483647;
			files = (
				4AF2D49F2AC12B6E00FFA0A0 /* MyApplicationTests.swift in Sources */,
			);
			runOnlyForDeploymentPostprocessing = 0;
		};
		4AF2D4A02AC12B6E00FFA0A0 /* Sources */ = {
			isa = PBXSourcesBuildPhase;
			buildActionMask = 2147483647;
			files = (
				4AF2D4A92AC12B6E00FFA0A0 /* MyApplicationUITests.swift in Sources */,
				4AF2D4AB2AC12B6E00FFA0A0 /* MyApplicationUITestsLaunchTests.swift in Sources */,
			);
			runOnlyForDeploymentPostprocessing = 0;
		};
/* End PBXSourcesBuildPhase section */

/* Begin PBXTargetDependency section */
		4AF2D49C2AC12B6E00FFA0A0 /* PBXTargetDependency */ = {
			isa = PBXTargetDependency;
			target = 4AF2D4892AC12B6B00FFA0A0 /* MyApplication */;
			targetProxy = 4AF2D49B2AC12B6E00FFA0A0 /* PBXContainerItemProxy */;
		};
		4AF2D4A62AC12B6E00FFA0A0 /* PBXTargetDependency */ = {
			isa = PBXTargetDependency;
			target = 4AF2D4892AC12B6B00FFA0A0 /* MyApplication */;
			targetProxy = 4AF2D4A52AC12B6E00FFA0A0 /* PBXContainerItemProxy */;
		};
/* End PBXTargetDependency section */

/* Begin XCBuildConfiguration section */
		4AF2D4AC2AC12B6E00FFA0A0 /* Debug */ = {
			isa = XCBuildConfiguration;
			buildSettings = {
				ALWAYS_SEARCH_USER_PATHS = NO;
				ASSETCATALOG_COMPILER_GENERATE_SWIFT_ASSET_SYMBOL_EXTENSIONS = YES;
				CLANG_ANALYZER_NONNULL = YES;
				CLANG_ANALYZER_NUMBER_OBJECT_CONVERSION = YES_AGGRESSIVE;
				CLANG_CXX_LANGUAGE_STANDARD = "gnu++20";
				CLANG_ENABLE_MODULES = YES;
				CLANG_ENABLE_OBJC_ARC = YES;
				CLANG_ENABLE_OBJC_WEAK = YES;
				CLANG_WARN_BLOCK_CAPTURE_AUTORELEASING = YES;
				CLANG_WARN_BOOL_CONVERSION = YES;
				CLANG_WARN_COMMA = YES;
				CLANG_WARN_CONSTANT_CONVERSION = YES;
				CLANG_WARN_DEPRECATED_OBJC_IMPLEMENTATIONS = YES;
				CLANG_WARN_DIRECT_OBJC_ISA_USAGE = YES_ERROR;
				CLANG_WARN_DOCUMENTATION_COMMENTS = YES;
				CLANG_WARN_EMPTY_BODY = YES;
				CLANG_WARN_ENUM_CONVERSION = YES;
				CLANG_WARN_INFINITE_RECURSION = YES;
				CLANG_WARN_INT_CONVERSION = YES;
				CLANG_WARN_NON_LITERAL_NULL_CONVERSION = YES;
				CLANG_WARN_OBJC_IMPLICIT_RETAIN_SELF = YES;
				CLANG_WARN_OBJC_LITERAL_CONVERSION = YES;
				CLANG_WARN_OBJC_ROOT_CLASS = YES_ERROR;
				CLANG_WARN_QUOTED_INCLUDE_IN_FRAMEWORK_HEADER = YES;
				CLANG_WARN_RANGE_LOOP_ANALYSIS = YES;
				CLANG_WARN_STRICT_PROTOTYPES = YES;
				CLANG_WARN_SUSPICIOUS_MOVE = YES;
				CLANG_WARN_UNGUARDED_AVAILABILITY = YES_AGGRESSIVE;
				CLANG_WARN_UNREACHABLE_CODE = YES;
				CLANG_WARN__DUPLICATE_METHOD_MATCH = YES;
				COPY_PHASE_STRIP = NO;
				DEBUG_INFORMATION_FORMAT = dwarf;
				ENABLE_STRICT_OBJC_MSGSEND = YES;
				ENABLE_TESTABILITY = YES;
				ENABLE_USER_SCRIPT_SANDBOXING = YES;
				GCC_C_LANGUAGE_STANDARD = gnu17;
				GCC_DYNAMIC_NO_PIC = NO;
				GCC_NO_COMMON_BLOCKS = YES;
				GCC_OPTIMIZATION_LEVEL = 0;
				GCC_PREPROCESSOR_DEFINITIONS = (
					"DEBUG=1",
					"$(inherited)",
				);
				GCC_WARN_64_TO_32_BIT_CONVERSION = YES;
				GCC_WARN_ABOUT_RETURN_TYPE = YES_ERROR;
				GCC_WARN_UNDECLARED_SELECTOR = YES;
				GCC_WARN_UNINITIALIZED_AUTOS = YES_AGGRESSIVE;
				GCC_WARN_UNUSED_FUNCTION = YES;
				GCC_WARN_UNUSED_VARIABLE = YES;
				IPHONEOS_DEPLOYMENT_TARGET = 17.0;
				LOCALIZATION_PREFERS_STRING_CATALOGS = YES;
				MTL_ENABLE_DEBUG_INFO = INCLUDE_SOURCE;
				MTL_FAST_MATH = YES;
				ONLY_ACTIVE_ARCH = YES;
				SDKROOT = iphoneos;
				SWIFT_ACTIVE_COMPILATION_CONDITIONS = "DEBUG $(inherited)";
				SWIFT_OPTIMIZATION_LEVEL = "-Onone";
			};
			name = Debug;
		};
		4AF2D4AD2AC12B6E00FFA0A0 /* Release */ = {
			isa = XCBuildConfiguration;
			buildSettings = {
				ALWAYS_SEARCH_USER_PATHS = NO;
				ASSETCATALOG_COMPILER_GENERATE_SWIFT_ASSET_SYMBOL_EXTENSIONS = YES;
				CLANG_ANALYZER_NONNULL = YES;
				CLANG_ANALYZER_NUMBER_OBJECT_CONVERSION = YES_AGGRESSIVE;
				CLANG_CXX_LANGUAGE_STANDARD = "gnu++20";
				CLANG_ENABLE_MODULES = YES;
				CLANG_ENABLE_OBJC_ARC = YES;
				CLANG_ENABLE_OBJC_WEAK = YES;
				CLANG_WARN_BLOCK_CAPTURE_AUTORELEASING = YES;
				CLANG_WARN_BOOL_CONVERSION = YES;
				CLANG_WARN_COMMA = YES;
				CLANG_WARN_CONSTANT_CONVERSION = YES;
				CLANG_WARN_DEPRECATED_OBJC_IMPLEMENTATIONS = YES;
				CLANG_WARN_DIRECT_OBJC_ISA_USAGE = YES_ERROR;
				CLANG_WARN_DOCUMENTATION_COMMENTS = YES;
				CLANG_WARN_EMPTY_BODY = YES;
				CLANG_WARN_ENUM_CONVERSION = YES;
				CLANG_WARN_INFINITE_RECURSION = YES;
				CLANG_WARN_INT_CONVERSION = YES;
				CLANG_WARN_NON_LITERAL_NULL_CONVERSION = YES;
				CLANG_WARN_OBJC_IMPLICIT_RETAIN_SELF = YES;
				CLANG_WARN_OBJC_LITERAL_CONVERSION = YES;
				CLANG_WARN_OBJC_ROOT_CLASS = YES_ERROR;
				CLANG_WARN_QUOTED_INCLUDE_IN_FRAMEWORK_HEADER = YES;
				CLANG_WARN_RANGE_LOOP_ANALYSIS = YES;
				CLANG_WARN_STRICT_PROTOTYPES = YES;
				CLANG_WARN_SUSPICIOUS_MOVE = YES;
				CLANG_WARN_UNGUARDED_AVAILABILITY = YES_AGGRESSIVE;
				CLANG_WARN_UNREACHABLE_CODE = YES;
				CLANG_WARN__DUPLICATE_METHOD_MATCH = YES;
				COPY_PHASE_STRIP = NO;
				DEBUG_INFORMATION_FORMAT = "dwarf-with-dsym";
				ENABLE_NS_ASSERTIONS = NO;
				ENABLE_STRICT_OBJC_MSGSEND = YES;
				ENABLE_USER_SCRIPT_SANDBOXING = YES;
				GCC_C_LANGUAGE_STANDARD = gnu17;
				GCC_NO_COMMON_BLOCKS = YES;
				GCC_WARN_64_TO_32_BIT_CONVERSION = YES;
				GCC_WARN_ABOUT_RETURN_TYPE = YES_ERROR;
				GCC_WARN_UNDECLARED_SELECTOR = YES;
				GCC_WARN_UNINITIALIZED_AUTOS = YES_AGGRESSIVE;
				GCC_WARN_UNUSED_FUNCTION = YES;
				GCC_WARN_UNUSED_VARIABLE = YES;
				IPHONEOS_DEPLOYMENT_TARGET = 17.0;
				LOCALIZATION_PREFERS_STRING_CATALOGS = YES;
				MTL_ENABLE_DEBUG_INFO = NO;
				MTL_FAST_MATH = YES;
				SDKROOT = iphoneos;
				SWIFT_COMPILATION_MODE = wholemodule;
				VALIDATE_PRODUCT = YES;
			};
			name = Release;
		};
		4AF2D4AF2AC12B6E00FFA0A0 /* Debug */ = {
			isa = XCBuildConfiguration;
			buildSettings = {
				ASSETCATALOG_COMPILER_APPICON_NAME = AppIcon;
				ASSETCATALOG_COMPILER_GLOBAL_ACCENT_COLOR_NAME = AccentColor;
				CODE_SIGN_STYLE = Automatic;
				CURRENT_PROJECT_VERSION = 1;
				DEVELOPMENT_ASSET_PATHS = "\"MyApplication/Preview Content\"";
				DEVELOPMENT_TEAM = 833TL82ZJV;
				ENABLE_PREVIEWS = YES;
				GENERATE_INFOPLIST_FILE = YES;
				INFOPLIST_KEY_CFBundleDisplayName = MyApplication;
				INFOPLIST_KEY_UIApplicationSceneManifest_Generation = YES;
				INFOPLIST_KEY_UIApplicationSupportsIndirectInputEvents = YES;
				INFOPLIST_KEY_UILaunchScreen_Generation = YES;
				INFOPLIST_KEY_UIStatusBarStyle = "";
				INFOPLIST_KEY_UISupportedInterfaceOrientations_iPad = "UIInterfaceOrientationPortrait UIInterfaceOrientationPortraitUpsideDown UIInterfaceOrientationLandscapeLeft UIInterfaceOrientationLandscapeRight";
				INFOPLIST_KEY_UISupportedInterfaceOrientations_iPhone = "UIInterfaceOrientationPortrait UIInterfaceOrientationLandscapeLeft UIInterfaceOrientationLandscapeRight";
				IPHONEOS_DEPLOYMENT_TARGET = 15.0;
				LD_RUNPATH_SEARCH_PATHS = (
					"$(inherited)",
					"@executable_path/Frameworks",
				);
				MARKETING_VERSION = 1.0;
				PRODUCT_BUNDLE_IDENTIFIER = DVLab.MyApplication;
				PRODUCT_NAME = "$(TARGET_NAME)";
				SWIFT_EMIT_LOC_STRINGS = YES;
				SWIFT_VERSION = 5.0;
				TARGETED_DEVICE_FAMILY = "1,2";
			};
			name = Debug;
		};
		4AF2D4B02AC12B6E00FFA0A0 /* Release */ = {
			isa = XCBuildConfiguration;
			buildSettings = {
				ASSETCATALOG_COMPILER_APPICON_NAME = AppIcon;
				ASSETCATALOG_COMPILER_GLOBAL_ACCENT_COLOR_NAME = AccentColor;
				CODE_SIGN_STYLE = Automatic;
				CURRENT_PROJECT_VERSION = 1;
				DEVELOPMENT_ASSET_PATHS = "\"MyApplication/Preview Content\"";
				DEVELOPMENT_TEAM = 833TL82ZJV;
				ENABLE_PREVIEWS = YES;
				GENERATE_INFOPLIST_FILE = YES;
				INFOPLIST_KEY_CFBundleDisplayName = MyApplication;
				INFOPLIST_KEY_UIApplicationSceneManifest_Generation = YES;
				INFOPLIST_KEY_UIApplicationSupportsIndirectInputEvents = YES;
				INFOPLIST_KEY_UILaunchScreen_Generation = YES;
				INFOPLIST_KEY_UIStatusBarStyle = "";
				INFOPLIST_KEY_UISupportedInterfaceOrientations_iPad = "UIInterfaceOrientationPortrait UIInterfaceOrientationPortraitUpsideDown UIInterfaceOrientationLandscapeLeft UIInterfaceOrientationLandscapeRight";
				INFOPLIST_KEY_UISupportedInterfaceOrientations_iPhone = "UIInterfaceOrientationPortrait UIInterfaceOrientationLandscapeLeft UIInterfaceOrientationLandscapeRight";
				IPHONEOS_DEPLOYMENT_TARGET = 15.0;
				LD_RUNPATH_SEARCH_PATHS = (
					"$(inherited)",
					"@executable_path/Frameworks",
				);
				MARKETING_VERSION = 1.0;
				PRODUCT_BUNDLE_IDENTIFIER = DVLab.MyApplication;
				PRODUCT_NAME = "$(TARGET_NAME)";
				SWIFT_EMIT_LOC_STRINGS = YES;
				SWIFT_VERSION = 5.0;
				TARGETED_DEVICE_FAMILY = "1,2";
			};
			name = Release;
		};
		4AF2D4B22AC12B6E00FFA0A0 /* Debug */ = {
			isa = XCBuildConfiguration;
			buildSettings = {
				ALWAYS_EMBED_SWIFT_STANDARD_LIBRARIES = YES;
				BUNDLE_LOADER = "$(TEST_HOST)";
				CODE_SIGN_STYLE = Automatic;
				CURRENT_PROJECT_VERSION = 1;
				GENERATE_INFOPLIST_FILE = YES;
				IPHONEOS_DEPLOYMENT_TARGET = 15.0;
				MARKETING_VERSION = 1.0;
				PRODUCT_BUNDLE_IDENTIFIER = DVLab.MyApplicationTests;
				PRODUCT_NAME = "$(TARGET_NAME)";
				SWIFT_EMIT_LOC_STRINGS = NO;
				SWIFT_VERSION = 5.0;
				TARGETED_DEVICE_FAMILY = "1,2";
				TEST_HOST = "$(BUILT_PRODUCTS_DIR)/MyApplication.app/$(BUNDLE_EXECUTABLE_FOLDER_PATH)/MyApplication";
			};
			name = Debug;
		};
		4AF2D4B32AC12B6E00FFA0A0 /* Release */ = {
			isa = XCBuildConfiguration;
			buildSettings = {
				ALWAYS_EMBED_SWIFT_STANDARD_LIBRARIES = YES;
				BUNDLE_LOADER = "$(TEST_HOST)";
				CODE_SIGN_STYLE = Automatic;
				CURRENT_PROJECT_VERSION = 1;
				GENERATE_INFOPLIST_FILE = YES;
				IPHONEOS_DEPLOYMENT_TARGET = 15.0;
				MARKETING_VERSION = 1.0;
				PRODUCT_BUNDLE_IDENTIFIER = DVLab.MyApplicationTests;
				PRODUCT_NAME = "$(TARGET_NAME)";
				SWIFT_EMIT_LOC_STRINGS = NO;
				SWIFT_VERSION = 5.0;
				TARGETED_DEVICE_FAMILY = "1,2";
				TEST_HOST = "$(BUILT_PRODUCTS_DIR)/MyApplication.app/$(BUNDLE_EXECUTABLE_FOLDER_PATH)/MyApplication";
			};
			name = Release;
		};
		4AF2D4B52AC12B6E00FFA0A0 /* Debug */ = {
			isa = XCBuildConfiguration;
			buildSettings = {
				ALWAYS_EMBED_SWIFT_STANDARD_LIBRARIES = YES;
				CODE_SIGN_STYLE = Automatic;
				CURRENT_PROJECT_VERSION = 1;
				GENERATE_INFOPLIST_FILE = YES;
				IPHONEOS_DEPLOYMENT_TARGET = 15.0;
				MARKETING_VERSION = 1.0;
				PRODUCT_BUNDLE_IDENTIFIER = DVLab.MyApplicationUITests;
				PRODUCT_NAME = "$(TARGET_NAME)";
				SWIFT_EMIT_LOC_STRINGS = NO;
				SWIFT_VERSION = 5.0;
				TARGETED_DEVICE_FAMILY = "1,2";
				TEST_TARGET_NAME = MyApplication;
			};
			name = Debug;
		};
		4AF2D4B62AC12B6E00FFA0A0 /* Release */ = {
			isa = XCBuildConfiguration;
			buildSettings = {
				ALWAYS_EMBED_SWIFT_STANDARD_LIBRARIES = YES;
				CODE_SIGN_STYLE = Automatic;
				CURRENT_PROJECT_VERSION = 1;
				GENERATE_INFOPLIST_FILE = YES;
				IPHONEOS_DEPLOYMENT_TARGET = 15.0;
				MARKETING_VERSION = 1.0;
				PRODUCT_BUNDLE_IDENTIFIER = DVLab.MyApplicationUITests;
				PRODUCT_NAME = "$(TARGET_NAME)";
				SWIFT_EMIT_LOC_STRINGS = NO;
				SWIFT_VERSION = 5.0;
				TARGETED_DEVICE_FAMILY = "1,2";
				TEST_TARGET_NAME = MyApplication;
			};
			name = Release;
		};
/* End XCBuildConfiguration section */

/* Begin XCConfigurationList section */
		4AF2D4852AC12B6B00FFA0A0 /* Build configuration list for PBXProject "MyApplication" */ = {
			isa = XCConfigurationList;
			buildConfigurations = (
				4AF2D4AC2AC12B6E00FFA0A0 /* Debug */,
				4AF2D4AD2AC12B6E00FFA0A0 /* Release */,
			);
			defaultConfigurationIsVisible = 0;
			defaultConfigurationName = Release;
		};
		4AF2D4AE2AC12B6E00FFA0A0 /* Build configuration list for PBXNativeTarget "MyApplication" */ = {
			isa = XCConfigurationList;
			buildConfigurations = (
				4AF2D4AF2AC12B6E00FFA0A0 /* Debug */,
				4AF2D4B02AC12B6E00FFA0A0 /* Release */,
			);
			defaultConfigurationIsVisible = 0;
			defaultConfigurationName = Release;
		};
		4AF2D4B12AC12B6E00FFA0A0 /* Build configuration list for PBXNativeTarget "MyApplicationTests" */ = {
			isa = XCConfigurationList;
			buildConfigurations = (
				4AF2D4B22AC12B6E00FFA0A0 /* Debug */,
				4AF2D4B32AC12B6E00FFA0A0 /* Release */,
			);
			defaultConfigurationIsVisible = 0;
			defaultConfigurationName = Release;
		};
		4AF2D4B42AC12B6E00FFA0A0 /* Build configuration list for PBXNativeTarget "MyApplicationUITests" */ = {
			isa = XCConfigurationList;
			buildConfigurations = (
				4AF2D4B52AC12B6E00FFA0A0 /* Debug */,
				4AF2D4B62AC12B6E00FFA0A0 /* Release */,
			);
			defaultConfigurationIsVisible = 0;
			defaultConfigurationName = Release;
		};
/* End XCConfigurationList section */
	};
	rootObject = 4AF2D4822AC12B6B00FFA0A0 /* Project object */;
}
